// !$*UTF8*$!
{
	archiveVersion = 1;
	classes = {
	};
	objectVersion = 56;
	objects = {

/* Begin PBXBuildFile section */
		78C7E9D42D1E44D600AF44DC /* AppDelegate.swift in Sources */ = {isa = PBXBuildFile; fileRef = 78C7E9D32D1E44D600AF44DC /* AppDelegate.swift */; };
		78C7E9D62D1E44D600AF44DC /* SceneDelegate.swift in Sources */ = {isa = PBXBuildFile; fileRef = 78C7E9D52D1E44D600AF44DC /* SceneDelegate.swift */; };
		78C7E9D82D1E44D600AF44DC /* ViewController.swift in Sources */ = {isa = PBXBuildFile; fileRef = 78C7E9D72D1E44D600AF44DC /* ViewController.swift */; };
		78C7E9DB2D1E44D600AF44DC /* Base in Resources */ = {isa = PBXBuildFile; fileRef = 78C7E9DA2D1E44D600AF44DC /* Base */; };
		78C7E9DE2D1E44D600AF44DC /* MyCleanProject.xcdatamodeld in Sources */ = {isa = PBXBuildFile; fileRef = 78C7E9DC2D1E44D600AF44DC /* MyCleanProject.xcdatamodeld */; };
		78C7E9E02D1E44D900AF44DC /* Assets.xcassets in Resources */ = {isa = PBXBuildFile; fileRef = 78C7E9DF2D1E44D900AF44DC /* Assets.xcassets */; };
		78C7E9E32D1E44D900AF44DC /* Base in Resources */ = {isa = PBXBuildFile; fileRef = 78C7E9E22D1E44D900AF44DC /* Base */; };
		78C7E9EE2D1E44D900AF44DC /* MyCleanProjectTests.swift in Sources */ = {isa = PBXBuildFile; fileRef = 78C7E9ED2D1E44D900AF44DC /* MyCleanProjectTests.swift */; };
		78C7E9F82D1E44D900AF44DC /* MyCleanProjectUITests.swift in Sources */ = {isa = PBXBuildFile; fileRef = 78C7E9F72D1E44D900AF44DC /* MyCleanProjectUITests.swift */; };
		78C7E9FA2D1E44D900AF44DC /* MyCleanProjectUITestsLaunchTests.swift in Sources */ = {isa = PBXBuildFile; fileRef = 78C7E9F92D1E44D900AF44DC /* MyCleanProjectUITestsLaunchTests.swift */; };
		78C7EA0A2D1EF39D00AF44DC /* UserListItem.swift in Sources */ = {isa = PBXBuildFile; fileRef = 78C7EA092D1EF39D00AF44DC /* UserListItem.swift */; };
		78C7EA0C2D1EF52500AF44DC /* NetworkError.swift in Sources */ = {isa = PBXBuildFile; fileRef = 78C7EA0B2D1EF52500AF44DC /* NetworkError.swift */; };
		78C7EA0E2D1EF66800AF44DC /* CoreDataError.swift in Sources */ = {isa = PBXBuildFile; fileRef = 78C7EA0D2D1EF66800AF44DC /* CoreDataError.swift */; };
		78C7EA102D1F117C00AF44DC /* UserListUseCase.swift in Sources */ = {isa = PBXBuildFile; fileRef = 78C7EA0F2D1F117C00AF44DC /* UserListUseCase.swift */; };
		78C7EA132D1F151400AF44DC /* UserRepositoryProtocol.swift in Sources */ = {isa = PBXBuildFile; fileRef = 78C7EA122D1F151400AF44DC /* UserRepositoryProtocol.swift */; };
/* End PBXBuildFile section */

/* Begin PBXContainerItemProxy section */
		78C7E9EA2D1E44D900AF44DC /* PBXContainerItemProxy */ = {
			isa = PBXContainerItemProxy;
			containerPortal = 78C7E9C82D1E44D600AF44DC /* Project object */;
			proxyType = 1;
			remoteGlobalIDString = 78C7E9CF2D1E44D600AF44DC;
			remoteInfo = MyCleanProject;
		};
		78C7E9F42D1E44D900AF44DC /* PBXContainerItemProxy */ = {
			isa = PBXContainerItemProxy;
			containerPortal = 78C7E9C82D1E44D600AF44DC /* Project object */;
			proxyType = 1;
			remoteGlobalIDString = 78C7E9CF2D1E44D600AF44DC;
			remoteInfo = MyCleanProject;
		};
/* End PBXContainerItemProxy section */

/* Begin PBXFileReference section */
		78C7E9D02D1E44D600AF44DC /* MyCleanProject.app */ = {isa = PBXFileReference; explicitFileType = wrapper.application; includeInIndex = 0; path = MyCleanProject.app; sourceTree = BUILT_PRODUCTS_DIR; };
		78C7E9D32D1E44D600AF44DC /* AppDelegate.swift */ = {isa = PBXFileReference; lastKnownFileType = sourcecode.swift; path = AppDelegate.swift; sourceTree = "<group>"; };
		78C7E9D52D1E44D600AF44DC /* SceneDelegate.swift */ = {isa = PBXFileReference; lastKnownFileType = sourcecode.swift; path = SceneDelegate.swift; sourceTree = "<group>"; };
		78C7E9D72D1E44D600AF44DC /* ViewController.swift */ = {isa = PBXFileReference; lastKnownFileType = sourcecode.swift; path = ViewController.swift; sourceTree = "<group>"; };
		78C7E9DA2D1E44D600AF44DC /* Base */ = {isa = PBXFileReference; lastKnownFileType = file.storyboard; name = Base; path = Base.lproj/Main.storyboard; sourceTree = "<group>"; };
		78C7E9DD2D1E44D600AF44DC /* MyCleanProject.xcdatamodel */ = {isa = PBXFileReference; lastKnownFileType = wrapper.xcdatamodel; path = MyCleanProject.xcdatamodel; sourceTree = "<group>"; };
		78C7E9DF2D1E44D900AF44DC /* Assets.xcassets */ = {isa = PBXFileReference; lastKnownFileType = folder.assetcatalog; path = Assets.xcassets; sourceTree = "<group>"; };
		78C7E9E22D1E44D900AF44DC /* Base */ = {isa = PBXFileReference; lastKnownFileType = file.storyboard; name = Base; path = Base.lproj/LaunchScreen.storyboard; sourceTree = "<group>"; };
		78C7E9E42D1E44D900AF44DC /* Info.plist */ = {isa = PBXFileReference; lastKnownFileType = text.plist.xml; path = Info.plist; sourceTree = "<group>"; };
		78C7E9E92D1E44D900AF44DC /* MyCleanProjectTests.xctest */ = {isa = PBXFileReference; explicitFileType = wrapper.cfbundle; includeInIndex = 0; path = MyCleanProjectTests.xctest; sourceTree = BUILT_PRODUCTS_DIR; };
		78C7E9ED2D1E44D900AF44DC /* MyCleanProjectTests.swift */ = {isa = PBXFileReference; lastKnownFileType = sourcecode.swift; path = MyCleanProjectTests.swift; sourceTree = "<group>"; };
		78C7E9F32D1E44D900AF44DC /* MyCleanProjectUITests.xctest */ = {isa = PBXFileReference; explicitFileType = wrapper.cfbundle; includeInIndex = 0; path = MyCleanProjectUITests.xctest; sourceTree = BUILT_PRODUCTS_DIR; };
		78C7E9F72D1E44D900AF44DC /* MyCleanProjectUITests.swift */ = {isa = PBXFileReference; lastKnownFileType = sourcecode.swift; path = MyCleanProjectUITests.swift; sourceTree = "<group>"; };
		78C7E9F92D1E44D900AF44DC /* MyCleanProjectUITestsLaunchTests.swift */ = {isa = PBXFileReference; lastKnownFileType = sourcecode.swift; path = MyCleanProjectUITestsLaunchTests.swift; sourceTree = "<group>"; };
		78C7EA092D1EF39D00AF44DC /* UserListItem.swift */ = {isa = PBXFileReference; lastKnownFileType = sourcecode.swift; path = UserListItem.swift; sourceTree = "<group>"; };
		78C7EA0B2D1EF52500AF44DC /* NetworkError.swift */ = {isa = PBXFileReference; lastKnownFileType = sourcecode.swift; path = NetworkError.swift; sourceTree = "<group>"; };
		78C7EA0D2D1EF66800AF44DC /* CoreDataError.swift */ = {isa = PBXFileReference; lastKnownFileType = sourcecode.swift; path = CoreDataError.swift; sourceTree = "<group>"; };
		78C7EA0F2D1F117C00AF44DC /* UserListUseCase.swift */ = {isa = PBXFileReference; lastKnownFileType = sourcecode.swift; path = UserListUseCase.swift; sourceTree = "<group>"; };
		78C7EA122D1F151400AF44DC /* UserRepositoryProtocol.swift */ = {isa = PBXFileReference; lastKnownFileType = sourcecode.swift; path = UserRepositoryProtocol.swift; sourceTree = "<group>"; };
/* End PBXFileReference section */

/* Begin PBXFrameworksBuildPhase section */
		78C7E9CD2D1E44D600AF44DC /* Frameworks */ = {
			isa = PBXFrameworksBuildPhase;
			buildActionMask = 2147483647;
			files = (
			);
			runOnlyForDeploymentPostprocessing = 0;
		};
		78C7E9E62D1E44D900AF44DC /* Frameworks */ = {
			isa = PBXFrameworksBuildPhase;
			buildActionMask = 2147483647;
			files = (
			);
			runOnlyForDeploymentPostprocessing = 0;
		};
		78C7E9F02D1E44D900AF44DC /* Frameworks */ = {
			isa = PBXFrameworksBuildPhase;
			buildActionMask = 2147483647;
			files = (
			);
			runOnlyForDeploymentPostprocessing = 0;
		};
/* End PBXFrameworksBuildPhase section */

/* Begin PBXGroup section */
		78C7E9C72D1E44D600AF44DC = {
			isa = PBXGroup;
			children = (
				78C7E9D22D1E44D600AF44DC /* MyCleanProject */,
				78C7E9EC2D1E44D900AF44DC /* MyCleanProjectTests */,
				78C7E9F62D1E44D900AF44DC /* MyCleanProjectUITests */,
				78C7E9D12D1E44D600AF44DC /* Products */,
			);
			sourceTree = "<group>";
		};
		78C7E9D12D1E44D600AF44DC /* Products */ = {
			isa = PBXGroup;
			children = (
				78C7E9D02D1E44D600AF44DC /* MyCleanProject.app */,
				78C7E9E92D1E44D900AF44DC /* MyCleanProjectTests.xctest */,
				78C7E9F32D1E44D900AF44DC /* MyCleanProjectUITests.xctest */,
			);
			name = Products;
			sourceTree = "<group>";
		};
		78C7E9D22D1E44D600AF44DC /* MyCleanProject */ = {
			isa = PBXGroup;
			children = (
				78C7EA062D1EF35F00AF44DC /* Domain */,
				78C7E9D32D1E44D600AF44DC /* AppDelegate.swift */,
				78C7E9D52D1E44D600AF44DC /* SceneDelegate.swift */,
				78C7E9D72D1E44D600AF44DC /* ViewController.swift */,
				78C7E9D92D1E44D600AF44DC /* Main.storyboard */,
				78C7E9DF2D1E44D900AF44DC /* Assets.xcassets */,
				78C7E9E12D1E44D900AF44DC /* LaunchScreen.storyboard */,
				78C7E9E42D1E44D900AF44DC /* Info.plist */,
				78C7E9DC2D1E44D600AF44DC /* MyCleanProject.xcdatamodeld */,
			);
			path = MyCleanProject;
			sourceTree = "<group>";
		};
		78C7E9EC2D1E44D900AF44DC /* MyCleanProjectTests */ = {
			isa = PBXGroup;
			children = (
				78C7E9ED2D1E44D900AF44DC /* MyCleanProjectTests.swift */,
			);
			path = MyCleanProjectTests;
			sourceTree = "<group>";
		};
		78C7E9F62D1E44D900AF44DC /* MyCleanProjectUITests */ = {
			isa = PBXGroup;
			children = (
				78C7E9F72D1E44D900AF44DC /* MyCleanProjectUITests.swift */,
				78C7E9F92D1E44D900AF44DC /* MyCleanProjectUITestsLaunchTests.swift */,
			);
			path = MyCleanProjectUITests;
			sourceTree = "<group>";
		};
		78C7EA062D1EF35F00AF44DC /* Domain */ = {
			isa = PBXGroup;
			children = (
				78C7EA112D1F14D300AF44DC /* RepositoryProtocol */,
				78C7EA072D1EF36400AF44DC /* UseCase */,
				78C7EA082D1EF36900AF44DC /* Entity */,
			);
			path = Domain;
			sourceTree = "<group>";
		};
		78C7EA072D1EF36400AF44DC /* UseCase */ = {
			isa = PBXGroup;
			children = (
				78C7EA0F2D1F117C00AF44DC /* UserListUseCase.swift */,
			);
			path = UseCase;
			sourceTree = "<group>";
		};
		78C7EA082D1EF36900AF44DC /* Entity */ = {
			isa = PBXGroup;
			children = (
				78C7EA092D1EF39D00AF44DC /* UserListItem.swift */,
				78C7EA0B2D1EF52500AF44DC /* NetworkError.swift */,
				78C7EA0D2D1EF66800AF44DC /* CoreDataError.swift */,
			);
			path = Entity;
			sourceTree = "<group>";
		};
		78C7EA112D1F14D300AF44DC /* RepositoryProtocol */ = {
			isa = PBXGroup;
			children = (
				78C7EA122D1F151400AF44DC /* UserRepositoryProtocol.swift */,
			);
			path = RepositoryProtocol;
			sourceTree = "<group>";
		};
/* End PBXGroup section */

/* Begin PBXNativeTarget section */
		78C7E9CF2D1E44D600AF44DC /* MyCleanProject */ = {
			isa = PBXNativeTarget;
			buildConfigurationList = 78C7E9FD2D1E44D900AF44DC /* Build configuration list for PBXNativeTarget "MyCleanProject" */;
			buildPhases = (
				78C7E9CC2D1E44D600AF44DC /* Sources */,
				78C7E9CD2D1E44D600AF44DC /* Frameworks */,
				78C7E9CE2D1E44D600AF44DC /* Resources */,
			);
			buildRules = (
			);
			dependencies = (
			);
			name = MyCleanProject;
			productName = MyCleanProject;
			productReference = 78C7E9D02D1E44D600AF44DC /* MyCleanProject.app */;
			productType = "com.apple.product-type.application";
		};
		78C7E9E82D1E44D900AF44DC /* MyCleanProjectTests */ = {
			isa = PBXNativeTarget;
			buildConfigurationList = 78C7EA002D1E44D900AF44DC /* Build configuration list for PBXNativeTarget "MyCleanProjectTests" */;
			buildPhases = (
				78C7E9E52D1E44D900AF44DC /* Sources */,
				78C7E9E62D1E44D900AF44DC /* Frameworks */,
				78C7E9E72D1E44D900AF44DC /* Resources */,
			);
			buildRules = (
			);
			dependencies = (
				78C7E9EB2D1E44D900AF44DC /* PBXTargetDependency */,
			);
			name = MyCleanProjectTests;
			productName = MyCleanProjectTests;
			productReference = 78C7E9E92D1E44D900AF44DC /* MyCleanProjectTests.xctest */;
			productType = "com.apple.product-type.bundle.unit-test";
		};
		78C7E9F22D1E44D900AF44DC /* MyCleanProjectUITests */ = {
			isa = PBXNativeTarget;
			buildConfigurationList = 78C7EA032D1E44D900AF44DC /* Build configuration list for PBXNativeTarget "MyCleanProjectUITests" */;
			buildPhases = (
				78C7E9EF2D1E44D900AF44DC /* Sources */,
				78C7E9F02D1E44D900AF44DC /* Frameworks */,
				78C7E9F12D1E44D900AF44DC /* Resources */,
			);
			buildRules = (
			);
			dependencies = (
				78C7E9F52D1E44D900AF44DC /* PBXTargetDependency */,
			);
			name = MyCleanProjectUITests;
			productName = MyCleanProjectUITests;
			productReference = 78C7E9F32D1E44D900AF44DC /* MyCleanProjectUITests.xctest */;
			productType = "com.apple.product-type.bundle.ui-testing";
		};
/* End PBXNativeTarget section */

/* Begin PBXProject section */
		78C7E9C82D1E44D600AF44DC /* Project object */ = {
			isa = PBXProject;
			attributes = {
				BuildIndependentTargetsInParallel = 1;
				LastSwiftUpdateCheck = 1530;
				LastUpgradeCheck = 1530;
				TargetAttributes = {
					78C7E9CF2D1E44D600AF44DC = {
						CreatedOnToolsVersion = 15.3;
					};
					78C7E9E82D1E44D900AF44DC = {
						CreatedOnToolsVersion = 15.3;
						TestTargetID = 78C7E9CF2D1E44D600AF44DC;
					};
					78C7E9F22D1E44D900AF44DC = {
						CreatedOnToolsVersion = 15.3;
						TestTargetID = 78C7E9CF2D1E44D600AF44DC;
					};
				};
			};
			buildConfigurationList = 78C7E9CB2D1E44D600AF44DC /* Build configuration list for PBXProject "MyCleanProject" */;
			compatibilityVersion = "Xcode 14.0";
			developmentRegion = en;
			hasScannedForEncodings = 0;
			knownRegions = (
				en,
				Base,
			);
			mainGroup = 78C7E9C72D1E44D600AF44DC;
			productRefGroup = 78C7E9D12D1E44D600AF44DC /* Products */;
			projectDirPath = "";
			projectRoot = "";
			targets = (
				78C7E9CF2D1E44D600AF44DC /* MyCleanProject */,
				78C7E9E82D1E44D900AF44DC /* MyCleanProjectTests */,
				78C7E9F22D1E44D900AF44DC /* MyCleanProjectUITests */,
			);
		};
/* End PBXProject section */

/* Begin PBXResourcesBuildPhase section */
		78C7E9CE2D1E44D600AF44DC /* Resources */ = {
			isa = PBXResourcesBuildPhase;
			buildActionMask = 2147483647;
			files = (
				78C7E9E02D1E44D900AF44DC /* Assets.xcassets in Resources */,
				78C7E9E32D1E44D900AF44DC /* Base in Resources */,
				78C7E9DB2D1E44D600AF44DC /* Base in Resources */,
			);
			runOnlyForDeploymentPostprocessing = 0;
		};
		78C7E9E72D1E44D900AF44DC /* Resources */ = {
			isa = PBXResourcesBuildPhase;
			buildActionMask = 2147483647;
			files = (
			);
			runOnlyForDeploymentPostprocessing = 0;
		};
		78C7E9F12D1E44D900AF44DC /* Resources */ = {
			isa = PBXResourcesBuildPhase;
			buildActionMask = 2147483647;
			files = (
			);
			runOnlyForDeploymentPostprocessing = 0;
		};
/* End PBXResourcesBuildPhase section */

/* Begin PBXSourcesBuildPhase section */
		78C7E9CC2D1E44D600AF44DC /* Sources */ = {
			isa = PBXSourcesBuildPhase;
			buildActionMask = 2147483647;
			files = (
				78C7E9D82D1E44D600AF44DC /* ViewController.swift in Sources */,
				78C7E9D42D1E44D600AF44DC /* AppDelegate.swift in Sources */,
				78C7E9D62D1E44D600AF44DC /* SceneDelegate.swift in Sources */,
				78C7EA0C2D1EF52500AF44DC /* NetworkError.swift in Sources */,
				78C7EA102D1F117C00AF44DC /* UserListUseCase.swift in Sources */,
				78C7EA132D1F151400AF44DC /* UserRepositoryProtocol.swift in Sources */,
				78C7E9DE2D1E44D600AF44DC /* MyCleanProject.xcdatamodeld in Sources */,
				78C7EA0A2D1EF39D00AF44DC /* UserListItem.swift in Sources */,
				78C7EA0E2D1EF66800AF44DC /* CoreDataError.swift in Sources */,
			);
			runOnlyForDeploymentPostprocessing = 0;
		};
		78C7E9E52D1E44D900AF44DC /* Sources */ = {
			isa = PBXSourcesBuildPhase;
			buildActionMask = 2147483647;
			files = (
				78C7E9EE2D1E44D900AF44DC /* MyCleanProjectTests.swift in Sources */,
			);
			runOnlyForDeploymentPostprocessing = 0;
		};
		78C7E9EF2D1E44D900AF44DC /* Sources */ = {
			isa = PBXSourcesBuildPhase;
			buildActionMask = 2147483647;
			files = (
				78C7E9FA2D1E44D900AF44DC /* MyCleanProjectUITestsLaunchTests.swift in Sources */,
				78C7E9F82D1E44D900AF44DC /* MyCleanProjectUITests.swift in Sources */,
			);
			runOnlyForDeploymentPostprocessing = 0;
		};
/* End PBXSourcesBuildPhase section */

/* Begin PBXTargetDependency section */
		78C7E9EB2D1E44D900AF44DC /* PBXTargetDependency */ = {
			isa = PBXTargetDependency;
			target = 78C7E9CF2D1E44D600AF44DC /* MyCleanProject */;
			targetProxy = 78C7E9EA2D1E44D900AF44DC /* PBXContainerItemProxy */;
		};
		78C7E9F52D1E44D900AF44DC /* PBXTargetDependency */ = {
			isa = PBXTargetDependency;
			target = 78C7E9CF2D1E44D600AF44DC /* MyCleanProject */;
			targetProxy = 78C7E9F42D1E44D900AF44DC /* PBXContainerItemProxy */;
		};
/* End PBXTargetDependency section */

/* Begin PBXVariantGroup section */
		78C7E9D92D1E44D600AF44DC /* Main.storyboard */ = {
			isa = PBXVariantGroup;
			children = (
				78C7E9DA2D1E44D600AF44DC /* Base */,
			);
			name = Main.storyboard;
			sourceTree = "<group>";
		};
		78C7E9E12D1E44D900AF44DC /* LaunchScreen.storyboard */ = {
			isa = PBXVariantGroup;
			children = (
				78C7E9E22D1E44D900AF44DC /* Base */,
			);
			name = LaunchScreen.storyboard;
			sourceTree = "<group>";
		};
/* End PBXVariantGroup section */

/* Begin XCBuildConfiguration section */
		78C7E9FB2D1E44D900AF44DC /* Debug */ = {
			isa = XCBuildConfiguration;
			buildSettings = {
				ALWAYS_SEARCH_USER_PATHS = NO;
				ASSETCATALOG_COMPILER_GENERATE_SWIFT_ASSET_SYMBOL_EXTENSIONS = YES;
				CLANG_ANALYZER_NONNULL = YES;
				CLANG_ANALYZER_NUMBER_OBJECT_CONVERSION = YES_AGGRESSIVE;
				CLANG_CXX_LANGUAGE_STANDARD = "gnu++20";
				CLANG_ENABLE_MODULES = YES;
				CLANG_ENABLE_OBJC_ARC = YES;
				CLANG_ENABLE_OBJC_WEAK = YES;
				CLANG_WARN_BLOCK_CAPTURE_AUTORELEASING = YES;
				CLANG_WARN_BOOL_CONVERSION = YES;
				CLANG_WARN_COMMA = YES;
				CLANG_WARN_CONSTANT_CONVERSION = YES;
				CLANG_WARN_DEPRECATED_OBJC_IMPLEMENTATIONS = YES;
				CLANG_WARN_DIRECT_OBJC_ISA_USAGE = YES_ERROR;
				CLANG_WARN_DOCUMENTATION_COMMENTS = YES;
				CLANG_WARN_EMPTY_BODY = YES;
				CLANG_WARN_ENUM_CONVERSION = YES;
				CLANG_WARN_INFINITE_RECURSION = YES;
				CLANG_WARN_INT_CONVERSION = YES;
				CLANG_WARN_NON_LITERAL_NULL_CONVERSION = YES;
				CLANG_WARN_OBJC_IMPLICIT_RETAIN_SELF = YES;
				CLANG_WARN_OBJC_LITERAL_CONVERSION = YES;
				CLANG_WARN_OBJC_ROOT_CLASS = YES_ERROR;
				CLANG_WARN_QUOTED_INCLUDE_IN_FRAMEWORK_HEADER = YES;
				CLANG_WARN_RANGE_LOOP_ANALYSIS = YES;
				CLANG_WARN_STRICT_PROTOTYPES = YES;
				CLANG_WARN_SUSPICIOUS_MOVE = YES;
				CLANG_WARN_UNGUARDED_AVAILABILITY = YES_AGGRESSIVE;
				CLANG_WARN_UNREACHABLE_CODE = YES;
				CLANG_WARN__DUPLICATE_METHOD_MATCH = YES;
				COPY_PHASE_STRIP = NO;
				DEBUG_INFORMATION_FORMAT = dwarf;
				ENABLE_STRICT_OBJC_MSGSEND = YES;
				ENABLE_TESTABILITY = YES;
				ENABLE_USER_SCRIPT_SANDBOXING = YES;
				GCC_C_LANGUAGE_STANDARD = gnu17;
				GCC_DYNAMIC_NO_PIC = NO;
				GCC_NO_COMMON_BLOCKS = YES;
				GCC_OPTIMIZATION_LEVEL = 0;
				GCC_PREPROCESSOR_DEFINITIONS = (
					"DEBUG=1",
					"$(inherited)",
				);
				GCC_WARN_64_TO_32_BIT_CONVERSION = YES;
				GCC_WARN_ABOUT_RETURN_TYPE = YES_ERROR;
				GCC_WARN_UNDECLARED_SELECTOR = YES;
				GCC_WARN_UNINITIALIZED_AUTOS = YES_AGGRESSIVE;
				GCC_WARN_UNUSED_FUNCTION = YES;
				GCC_WARN_UNUSED_VARIABLE = YES;
				IPHONEOS_DEPLOYMENT_TARGET = 17.4;
				LOCALIZATION_PREFERS_STRING_CATALOGS = YES;
				MTL_ENABLE_DEBUG_INFO = INCLUDE_SOURCE;
				MTL_FAST_MATH = YES;
				ONLY_ACTIVE_ARCH = YES;
				SDKROOT = iphoneos;
				SWIFT_ACTIVE_COMPILATION_CONDITIONS = "DEBUG $(inherited)";
				SWIFT_OPTIMIZATION_LEVEL = "-Onone";
			};
			name = Debug;
		};
		78C7E9FC2D1E44D900AF44DC /* Release */ = {
			isa = XCBuildConfiguration;
			buildSettings = {
				ALWAYS_SEARCH_USER_PATHS = NO;
				ASSETCATALOG_COMPILER_GENERATE_SWIFT_ASSET_SYMBOL_EXTENSIONS = YES;
				CLANG_ANALYZER_NONNULL = YES;
				CLANG_ANALYZER_NUMBER_OBJECT_CONVERSION = YES_AGGRESSIVE;
				CLANG_CXX_LANGUAGE_STANDARD = "gnu++20";
				CLANG_ENABLE_MODULES = YES;
				CLANG_ENABLE_OBJC_ARC = YES;
				CLANG_ENABLE_OBJC_WEAK = YES;
				CLANG_WARN_BLOCK_CAPTURE_AUTORELEASING = YES;
				CLANG_WARN_BOOL_CONVERSION = YES;
				CLANG_WARN_COMMA = YES;
				CLANG_WARN_CONSTANT_CONVERSION = YES;
				CLANG_WARN_DEPRECATED_OBJC_IMPLEMENTATIONS = YES;
				CLANG_WARN_DIRECT_OBJC_ISA_USAGE = YES_ERROR;
				CLANG_WARN_DOCUMENTATION_COMMENTS = YES;
				CLANG_WARN_EMPTY_BODY = YES;
				CLANG_WARN_ENUM_CONVERSION = YES;
				CLANG_WARN_INFINITE_RECURSION = YES;
				CLANG_WARN_INT_CONVERSION = YES;
				CLANG_WARN_NON_LITERAL_NULL_CONVERSION = YES;
				CLANG_WARN_OBJC_IMPLICIT_RETAIN_SELF = YES;
				CLANG_WARN_OBJC_LITERAL_CONVERSION = YES;
				CLANG_WARN_OBJC_ROOT_CLASS = YES_ERROR;
				CLANG_WARN_QUOTED_INCLUDE_IN_FRAMEWORK_HEADER = YES;
				CLANG_WARN_RANGE_LOOP_ANALYSIS = YES;
				CLANG_WARN_STRICT_PROTOTYPES = YES;
				CLANG_WARN_SUSPICIOUS_MOVE = YES;
				CLANG_WARN_UNGUARDED_AVAILABILITY = YES_AGGRESSIVE;
				CLANG_WARN_UNREACHABLE_CODE = YES;
				CLANG_WARN__DUPLICATE_METHOD_MATCH = YES;
				COPY_PHASE_STRIP = NO;
				DEBUG_INFORMATION_FORMAT = "dwarf-with-dsym";
				ENABLE_NS_ASSERTIONS = NO;
				ENABLE_STRICT_OBJC_MSGSEND = YES;
				ENABLE_USER_SCRIPT_SANDBOXING = YES;
				GCC_C_LANGUAGE_STANDARD = gnu17;
				GCC_NO_COMMON_BLOCKS = YES;
				GCC_WARN_64_TO_32_BIT_CONVERSION = YES;
				GCC_WARN_ABOUT_RETURN_TYPE = YES_ERROR;
				GCC_WARN_UNDECLARED_SELECTOR = YES;
				GCC_WARN_UNINITIALIZED_AUTOS = YES_AGGRESSIVE;
				GCC_WARN_UNUSED_FUNCTION = YES;
				GCC_WARN_UNUSED_VARIABLE = YES;
				IPHONEOS_DEPLOYMENT_TARGET = 17.4;
				LOCALIZATION_PREFERS_STRING_CATALOGS = YES;
				MTL_ENABLE_DEBUG_INFO = NO;
				MTL_FAST_MATH = YES;
				SDKROOT = iphoneos;
				SWIFT_COMPILATION_MODE = wholemodule;
				VALIDATE_PRODUCT = YES;
			};
			name = Release;
		};
		78C7E9FE2D1E44D900AF44DC /* Debug */ = {
			isa = XCBuildConfiguration;
			buildSettings = {
				ASSETCATALOG_COMPILER_APPICON_NAME = AppIcon;
				ASSETCATALOG_COMPILER_GLOBAL_ACCENT_COLOR_NAME = AccentColor;
				CODE_SIGN_STYLE = Automatic;
				CURRENT_PROJECT_VERSION = 1;
				DEVELOPMENT_TEAM = NY2YF9QVXX;
				GENERATE_INFOPLIST_FILE = YES;
				INFOPLIST_FILE = MyCleanProject/Info.plist;
				INFOPLIST_KEY_UIApplicationSupportsIndirectInputEvents = YES;
				INFOPLIST_KEY_UILaunchStoryboardName = LaunchScreen;
				INFOPLIST_KEY_UIMainStoryboardFile = Main;
				INFOPLIST_KEY_UISupportedInterfaceOrientations_iPad = "UIInterfaceOrientationPortrait UIInterfaceOrientationPortraitUpsideDown UIInterfaceOrientationLandscapeLeft UIInterfaceOrientationLandscapeRight";
				INFOPLIST_KEY_UISupportedInterfaceOrientations_iPhone = "UIInterfaceOrientationPortrait UIInterfaceOrientationLandscapeLeft UIInterfaceOrientationLandscapeRight";
				LD_RUNPATH_SEARCH_PATHS = (
					"$(inherited)",
					"@executable_path/Frameworks",
				);
				MARKETING_VERSION = 1.0;
				PRODUCT_BUNDLE_IDENTIFIER = io.github.hoon94.MyCleanProject;
				PRODUCT_NAME = "$(TARGET_NAME)";
				SWIFT_EMIT_LOC_STRINGS = YES;
				SWIFT_VERSION = 5.0;
				TARGETED_DEVICE_FAMILY = "1,2";
			};
			name = Debug;
		};
		78C7E9FF2D1E44D900AF44DC /* Release */ = {
			isa = XCBuildConfiguration;
			buildSettings = {
				ASSETCATALOG_COMPILER_APPICON_NAME = AppIcon;
				ASSETCATALOG_COMPILER_GLOBAL_ACCENT_COLOR_NAME = AccentColor;
				CODE_SIGN_STYLE = Automatic;
				CURRENT_PROJECT_VERSION = 1;
				DEVELOPMENT_TEAM = NY2YF9QVXX;
				GENERATE_INFOPLIST_FILE = YES;
				INFOPLIST_FILE = MyCleanProject/Info.plist;
				INFOPLIST_KEY_UIApplicationSupportsIndirectInputEvents = YES;
				INFOPLIST_KEY_UILaunchStoryboardName = LaunchScreen;
				INFOPLIST_KEY_UIMainStoryboardFile = Main;
				INFOPLIST_KEY_UISupportedInterfaceOrientations_iPad = "UIInterfaceOrientationPortrait UIInterfaceOrientationPortraitUpsideDown UIInterfaceOrientationLandscapeLeft UIInterfaceOrientationLandscapeRight";
				INFOPLIST_KEY_UISupportedInterfaceOrientations_iPhone = "UIInterfaceOrientationPortrait UIInterfaceOrientationLandscapeLeft UIInterfaceOrientationLandscapeRight";
				LD_RUNPATH_SEARCH_PATHS = (
					"$(inherited)",
					"@executable_path/Frameworks",
				);
				MARKETING_VERSION = 1.0;
				PRODUCT_BUNDLE_IDENTIFIER = io.github.hoon94.MyCleanProject;
				PRODUCT_NAME = "$(TARGET_NAME)";
				SWIFT_EMIT_LOC_STRINGS = YES;
				SWIFT_VERSION = 5.0;
				TARGETED_DEVICE_FAMILY = "1,2";
			};
			name = Release;
		};
		78C7EA012D1E44D900AF44DC /* Debug */ = {
			isa = XCBuildConfiguration;
			buildSettings = {
				ALWAYS_EMBED_SWIFT_STANDARD_LIBRARIES = YES;
				BUNDLE_LOADER = "$(TEST_HOST)";
				CODE_SIGN_STYLE = Automatic;
				CURRENT_PROJECT_VERSION = 1;
				DEVELOPMENT_TEAM = NY2YF9QVXX;
				GENERATE_INFOPLIST_FILE = YES;
				IPHONEOS_DEPLOYMENT_TARGET = 17.4;
				MARKETING_VERSION = 1.0;
				PRODUCT_BUNDLE_IDENTIFIER = io.github.hoon94.MyCleanProjectTests;
				PRODUCT_NAME = "$(TARGET_NAME)";
				SWIFT_EMIT_LOC_STRINGS = NO;
				SWIFT_VERSION = 5.0;
				TARGETED_DEVICE_FAMILY = "1,2";
				TEST_HOST = "$(BUILT_PRODUCTS_DIR)/MyCleanProject.app/$(BUNDLE_EXECUTABLE_FOLDER_PATH)/MyCleanProject";
			};
			name = Debug;
		};
		78C7EA022D1E44D900AF44DC /* Release */ = {
			isa = XCBuildConfiguration;
			buildSettings = {
				ALWAYS_EMBED_SWIFT_STANDARD_LIBRARIES = YES;
				BUNDLE_LOADER = "$(TEST_HOST)";
				CODE_SIGN_STYLE = Automatic;
				CURRENT_PROJECT_VERSION = 1;
				DEVELOPMENT_TEAM = NY2YF9QVXX;
				GENERATE_INFOPLIST_FILE = YES;
				IPHONEOS_DEPLOYMENT_TARGET = 17.4;
				MARKETING_VERSION = 1.0;
				PRODUCT_BUNDLE_IDENTIFIER = io.github.hoon94.MyCleanProjectTests;
				PRODUCT_NAME = "$(TARGET_NAME)";
				SWIFT_EMIT_LOC_STRINGS = NO;
				SWIFT_VERSION = 5.0;
				TARGETED_DEVICE_FAMILY = "1,2";
				TEST_HOST = "$(BUILT_PRODUCTS_DIR)/MyCleanProject.app/$(BUNDLE_EXECUTABLE_FOLDER_PATH)/MyCleanProject";
			};
			name = Release;
		};
		78C7EA042D1E44D900AF44DC /* Debug */ = {
			isa = XCBuildConfiguration;
			buildSettings = {
				ALWAYS_EMBED_SWIFT_STANDARD_LIBRARIES = YES;
				CODE_SIGN_STYLE = Automatic;
				CURRENT_PROJECT_VERSION = 1;
				DEVELOPMENT_TEAM = NY2YF9QVXX;
				GENERATE_INFOPLIST_FILE = YES;
				MARKETING_VERSION = 1.0;
				PRODUCT_BUNDLE_IDENTIFIER = io.github.hoon94.MyCleanProjectUITests;
				PRODUCT_NAME = "$(TARGET_NAME)";
				SWIFT_EMIT_LOC_STRINGS = NO;
				SWIFT_VERSION = 5.0;
				TARGETED_DEVICE_FAMILY = "1,2";
				TEST_TARGET_NAME = MyCleanProject;
			};
			name = Debug;
		};
		78C7EA052D1E44D900AF44DC /* Release */ = {
			isa = XCBuildConfiguration;
			buildSettings = {
				ALWAYS_EMBED_SWIFT_STANDARD_LIBRARIES = YES;
				CODE_SIGN_STYLE = Automatic;
				CURRENT_PROJECT_VERSION = 1;
				DEVELOPMENT_TEAM = NY2YF9QVXX;
				GENERATE_INFOPLIST_FILE = YES;
				MARKETING_VERSION = 1.0;
				PRODUCT_BUNDLE_IDENTIFIER = io.github.hoon94.MyCleanProjectUITests;
				PRODUCT_NAME = "$(TARGET_NAME)";
				SWIFT_EMIT_LOC_STRINGS = NO;
				SWIFT_VERSION = 5.0;
				TARGETED_DEVICE_FAMILY = "1,2";
				TEST_TARGET_NAME = MyCleanProject;
			};
			name = Release;
		};
/* End XCBuildConfiguration section */

/* Begin XCConfigurationList section */
		78C7E9CB2D1E44D600AF44DC /* Build configuration list for PBXProject "MyCleanProject" */ = {
			isa = XCConfigurationList;
			buildConfigurations = (
				78C7E9FB2D1E44D900AF44DC /* Debug */,
				78C7E9FC2D1E44D900AF44DC /* Release */,
			);
			defaultConfigurationIsVisible = 0;
			defaultConfigurationName = Release;
		};
		78C7E9FD2D1E44D900AF44DC /* Build configuration list for PBXNativeTarget "MyCleanProject" */ = {
			isa = XCConfigurationList;
			buildConfigurations = (
				78C7E9FE2D1E44D900AF44DC /* Debug */,
				78C7E9FF2D1E44D900AF44DC /* Release */,
			);
			defaultConfigurationIsVisible = 0;
			defaultConfigurationName = Release;
		};
		78C7EA002D1E44D900AF44DC /* Build configuration list for PBXNativeTarget "MyCleanProjectTests" */ = {
			isa = XCConfigurationList;
			buildConfigurations = (
				78C7EA012D1E44D900AF44DC /* Debug */,
				78C7EA022D1E44D900AF44DC /* Release */,
			);
			defaultConfigurationIsVisible = 0;
			defaultConfigurationName = Release;
		};
		78C7EA032D1E44D900AF44DC /* Build configuration list for PBXNativeTarget "MyCleanProjectUITests" */ = {
			isa = XCConfigurationList;
			buildConfigurations = (
				78C7EA042D1E44D900AF44DC /* Debug */,
				78C7EA052D1E44D900AF44DC /* Release */,
			);
			defaultConfigurationIsVisible = 0;
			defaultConfigurationName = Release;
		};
/* End XCConfigurationList section */

/* Begin XCVersionGroup section */
		78C7E9DC2D1E44D600AF44DC /* MyCleanProject.xcdatamodeld */ = {
			isa = XCVersionGroup;
			children = (
				78C7E9DD2D1E44D600AF44DC /* MyCleanProject.xcdatamodel */,
			);
			currentVersion = 78C7E9DD2D1E44D600AF44DC /* MyCleanProject.xcdatamodel */;
			path = MyCleanProject.xcdatamodeld;
			sourceTree = "<group>";
			versionGroupType = wrapper.xcdatamodel;
		};
/* End XCVersionGroup section */
	};
	rootObject = 78C7E9C82D1E44D600AF44DC /* Project object */;
}
